
Microsoft Visual Studio Solution File, Format Version 12.00
# Visual Studio Version 16
VisualStudioVersion = 16.0.31515.178
MinimumVisualStudioVersion = 10.0.40219.1
Project("{FAE04EC0-301F-11D3-BF4B-00C04F79EFBC}") = "Laborario_01", "Laborario_01\Laborario_01.csproj", "{10735E82-CDA0-49FB-A8F9-6185E2B1B75F}"
EndProject
Global
	GlobalSection(SolutionConfigurationPlatforms) = preSolution
		Debug|Any CPU = Debug|Any CPU
		Release|Any CPU = Release|Any CPU
	EndGlobalSection
	GlobalSection(ProjectConfigurationPlatforms) = postSolution
		{10735E82-CDA0-49FB-A8F9-6185E2B1B75F}.Debug|Any CPU.ActiveCfg = Debug|Any CPU
		{10735E82-CDA0-49FB-A8F9-6185E2B1B75F}.Debug|Any CPU.Build.0 = Debug|Any CPU
		{10735E82-CDA0-49FB-A8F9-6185E2B1B75F}.Release|Any CPU.ActiveCfg = Release|Any CPU
		{10735E82-CDA0-49FB-A8F9-6185E2B1B75F}.Release|Any CPU.Build.0 = Release|Any CPU
	EndGlobalSection
	GlobalSection(SolutionProperties) = preSolution
		HideSolutionNode = FALSE
	EndGlobalSection
	GlobalSection(ExtensibilityGlobals) = postSolution
		SolutionGuid = {966ACF1C-3EC1-4D0B-AF9E-459FEA123CF5}
	EndGlobalSection
EndGlobal
